
Microsoft Visual Studio Solution File, Format Version 12.00
# Visual Studio Version 17
VisualStudioVersion = 17.0.31903.59
MinimumVisualStudioVersion = 10.0.40219.1
Project("{FAE04EC0-301F-11D3-BF4B-00C04F79EFBC}") = "SignalSharp.Core", "SignalSharp.Core\SignalSharp.Core.csproj", "{3288B83A-8C98-4CA6-B63D-73A7B18D3F30}"
EndProject
Project("{FAE04EC0-301F-11D3-BF4B-00C04F79EFBC}") = "SignalSharp.Security", "SignalSharp.Security\SignalSharp.Security.csproj", "{E16454EF-02BB-47A0-806C-352BBA0A4C48}"
EndProject
Project("{FAE04EC0-301F-11D3-BF4B-00C04F79EFBC}") = "SignalSharp.Storage", "SignalSharp.Storage\SignalSharp.Storage.csproj", "{C05B446B-C915-47E4-A377-3422CD1B4E52}"
EndProject
Project("{FAE04EC0-301F-11D3-BF4B-00C04F79EFBC}") = "SignalSharp.Tests", "SignalSharp.Tests\SignalSharp.Tests.csproj", "{E0BB0663-CC17-4894-8751-92D1A1338D00}"
EndProject
Project("{FAE04EC0-301F-11D3-BF4B-00C04F79EFBC}") = "SignalSharp.Serialization.SystemTextJson", "SignalSharp.Serialization.SystemTextJson\SignalSharp.Serialization.SystemTextJson.csproj", "{E2CFFD99-B640-46A7-8480-107B79DEC567}"
EndProject
Project("{FAE04EC0-301F-11D3-BF4B-00C04F79EFBC}") = "SignalSharp.Serialization.NewtonsoftJson", "SignalSharp.Serialization.NewtonsoftJson\SignalSharp.Serialization.NewtonsoftJson.csproj", "{8148AE11-3A1E-4BAF-933B-8BDD423C973C}"
EndProject
Project("{FAE04EC0-301F-11D3-BF4B-00C04F79EFBC}") = "SignalSharp.Security.Tests", "SignalSharp.Security.Tests\SignalSharp.Security.Tests.csproj", "{869B6A19-49FF-4600-A245-A08108D39ABF}"
EndProject
Project("{2150E333-8FDC-42A3-9474-1A3956D46DE8}") = "Readmes", "Readmes", "{02EA681E-C7D8-13C7-8484-4AC65E1B71E8}"
	ProjectSection(SolutionItems) = preProject
		.gitignore = .gitignore
		LICENSE = LICENSE
		PLANNING.md = PLANNING.md
		README.md = README.md
		TASK.md = TASK.md
	EndProjectSection
EndProject
Project("{2150E333-8FDC-42A3-9474-1A3956D46DE8}") = "Build", "Build", "{60E616CA-B834-4EAE-BBBA-381CABB5038C}"
	ProjectSection(SolutionItems) = preProject
		build.bat = build.bat
		BUILD.md = BUILD.md
		build.ps1 = build.ps1
	EndProjectSection
EndProject
Global
	GlobalSection(SolutionConfigurationPlatforms) = preSolution
		Debug|Any CPU = Debug|Any CPU
		Debug|x64 = Debug|x64
		Debug|x86 = Debug|x86
		Release|Any CPU = Release|Any CPU
		Release|x64 = Release|x64
		Release|x86 = Release|x86
	EndGlobalSection
	GlobalSection(ProjectConfigurationPlatforms) = postSolution
		{3288B83A-8C98-4CA6-B63D-73A7B18D3F30}.Debug|Any CPU.ActiveCfg = Debug|Any CPU
		{3288B83A-8C98-4CA6-B63D-73A7B18D3F30}.Debug|Any CPU.Build.0 = Debug|Any CPU
		{3288B83A-8C98-4CA6-B63D-73A7B18D3F30}.Debug|x64.ActiveCfg = Debug|Any CPU
		{3288B83A-8C98-4CA6-B63D-73A7B18D3F30}.Debug|x64.Build.0 = Debug|Any CPU
		{3288B83A-8C98-4CA6-B63D-73A7B18D3F30}.Debug|x86.ActiveCfg = Debug|Any CPU
		{3288B83A-8C98-4CA6-B63D-73A7B18D3F30}.Debug|x86.Build.0 = Debug|Any CPU
		{3288B83A-8C98-4CA6-B63D-73A7B18D3F30}.Release|Any CPU.ActiveCfg = Release|Any CPU
		{3288B83A-8C98-4CA6-B63D-73A7B18D3F30}.Release|Any CPU.Build.0 = Release|Any CPU
		{3288B83A-8C98-4CA6-B63D-73A7B18D3F30}.Release|x64.ActiveCfg = Release|Any CPU
		{3288B83A-8C98-4CA6-B63D-73A7B18D3F30}.Release|x64.Build.0 = Release|Any CPU
		{3288B83A-8C98-4CA6-B63D-73A7B18D3F30}.Release|x86.ActiveCfg = Release|Any CPU
		{3288B83A-8C98-4CA6-B63D-73A7B18D3F30}.Release|x86.Build.0 = Release|Any CPU
		{E16454EF-02BB-47A0-806C-352BBA0A4C48}.Debug|Any CPU.ActiveCfg = Debug|Any CPU
		{E16454EF-02BB-47A0-806C-352BBA0A4C48}.Debug|Any CPU.Build.0 = Debug|Any CPU
		{E16454EF-02BB-47A0-806C-352BBA0A4C48}.Debug|x64.ActiveCfg = Debug|Any CPU
		{E16454EF-02BB-47A0-806C-352BBA0A4C48}.Debug|x64.Build.0 = Debug|Any CPU
		{E16454EF-02BB-47A0-806C-352BBA0A4C48}.Debug|x86.ActiveCfg = Debug|Any CPU
		{E16454EF-02BB-47A0-806C-352BBA0A4C48}.Debug|x86.Build.0 = Debug|Any CPU
		{E16454EF-02BB-47A0-806C-352BBA0A4C48}.Release|Any CPU.ActiveCfg = Release|Any CPU
		{E16454EF-02BB-47A0-806C-352BBA0A4C48}.Release|Any CPU.Build.0 = Release|Any CPU
		{E16454EF-02BB-47A0-806C-352BBA0A4C48}.Release|x64.ActiveCfg = Release|Any CPU
		{E16454EF-02BB-47A0-806C-352BBA0A4C48}.Release|x64.Build.0 = Release|Any CPU
		{E16454EF-02BB-47A0-806C-352BBA0A4C48}.Release|x86.ActiveCfg = Release|Any CPU
		{E16454EF-02BB-47A0-806C-352BBA0A4C48}.Release|x86.Build.0 = Release|Any CPU
		{C05B446B-C915-47E4-A377-3422CD1B4E52}.Debug|Any CPU.ActiveCfg = Debug|Any CPU
		{C05B446B-C915-47E4-A377-3422CD1B4E52}.Debug|Any CPU.Build.0 = Debug|Any CPU
		{C05B446B-C915-47E4-A377-3422CD1B4E52}.Debug|x64.ActiveCfg = Debug|Any CPU
		{C05B446B-C915-47E4-A377-3422CD1B4E52}.Debug|x64.Build.0 = Debug|Any CPU
		{C05B446B-C915-47E4-A377-3422CD1B4E52}.Debug|x86.ActiveCfg = Debug|Any CPU
		{C05B446B-C915-47E4-A377-3422CD1B4E52}.Debug|x86.Build.0 = Debug|Any CPU
		{C05B446B-C915-47E4-A377-3422CD1B4E52}.Release|Any CPU.ActiveCfg = Release|Any CPU
		{C05B446B-C915-47E4-A377-3422CD1B4E52}.Release|Any CPU.Build.0 = Release|Any CPU
		{C05B446B-C915-47E4-A377-3422CD1B4E52}.Release|x64.ActiveCfg = Release|Any CPU
		{C05B446B-C915-47E4-A377-3422CD1B4E52}.Release|x64.Build.0 = Release|Any CPU
		{C05B446B-C915-47E4-A377-3422CD1B4E52}.Release|x86.ActiveCfg = Release|Any CPU
		{C05B446B-C915-47E4-A377-3422CD1B4E52}.Release|x86.Build.0 = Release|Any CPU
		{E0BB0663-CC17-4894-8751-92D1A1338D00}.Debug|Any CPU.ActiveCfg = Debug|Any CPU
		{E0BB0663-CC17-4894-8751-92D1A1338D00}.Debug|Any CPU.Build.0 = Debug|Any CPU
		{E0BB0663-CC17-4894-8751-92D1A1338D00}.Debug|x64.ActiveCfg = Debug|Any CPU
		{E0BB0663-CC17-4894-8751-92D1A1338D00}.Debug|x64.Build.0 = Debug|Any CPU
		{E0BB0663-CC17-4894-8751-92D1A1338D00}.Debug|x86.ActiveCfg = Debug|Any CPU
		{E0BB0663-CC17-4894-8751-92D1A1338D00}.Debug|x86.Build.0 = Debug|Any CPU
		{E0BB0663-CC17-4894-8751-92D1A1338D00}.Release|Any CPU.ActiveCfg = Release|Any CPU
		{E0BB0663-CC17-4894-8751-92D1A1338D00}.Release|Any CPU.Build.0 = Release|Any CPU
		{E0BB0663-CC17-4894-8751-92D1A1338D00}.Release|x64.ActiveCfg = Release|Any CPU
		{E0BB0663-CC17-4894-8751-92D1A1338D00}.Release|x64.Build.0 = Release|Any CPU
		{E0BB0663-CC17-4894-8751-92D1A1338D00}.Release|x86.ActiveCfg = Release|Any CPU
		{E0BB0663-CC17-4894-8751-92D1A1338D00}.Release|x86.Build.0 = Release|Any CPU
		{E2CFFD99-B640-46A7-8480-107B79DEC567}.Debug|Any CPU.ActiveCfg = Debug|Any CPU
		{E2CFFD99-B640-46A7-8480-107B79DEC567}.Debug|Any CPU.Build.0 = Debug|Any CPU
		{E2CFFD99-B640-46A7-8480-107B79DEC567}.Debug|x64.ActiveCfg = Debug|Any CPU
		{E2CFFD99-B640-46A7-8480-107B79DEC567}.Debug|x64.Build.0 = Debug|Any CPU
		{E2CFFD99-B640-46A7-8480-107B79DEC567}.Debug|x86.ActiveCfg = Debug|Any CPU
		{E2CFFD99-B640-46A7-8480-107B79DEC567}.Debug|x86.Build.0 = Debug|Any CPU
		{E2CFFD99-B640-46A7-8480-107B79DEC567}.Release|Any CPU.ActiveCfg = Release|Any CPU
		{E2CFFD99-B640-46A7-8480-107B79DEC567}.Release|Any CPU.Build.0 = Release|Any CPU
		{E2CFFD99-B640-46A7-8480-107B79DEC567}.Release|x64.ActiveCfg = Release|Any CPU
		{E2CFFD99-B640-46A7-8480-107B79DEC567}.Release|x64.Build.0 = Release|Any CPU
		{E2CFFD99-B640-46A7-8480-107B79DEC567}.Release|x86.ActiveCfg = Release|Any CPU
		{E2CFFD99-B640-46A7-8480-107B79DEC567}.Release|x86.Build.0 = Release|Any CPU
		{8148AE11-3A1E-4BAF-933B-8BDD423C973C}.Debug|Any CPU.ActiveCfg = Debug|Any CPU
		{8148AE11-3A1E-4BAF-933B-8BDD423C973C}.Debug|Any CPU.Build.0 = Debug|Any CPU
		{8148AE11-3A1E-4BAF-933B-8BDD423C973C}.Debug|x64.ActiveCfg = Debug|Any CPU
		{8148AE11-3A1E-4BAF-933B-8BDD423C973C}.Debug|x64.Build.0 = Debug|Any CPU
		{8148AE11-3A1E-4BAF-933B-8BDD423C973C}.Debug|x86.ActiveCfg = Debug|Any CPU
		{8148AE11-3A1E-4BAF-933B-8BDD423C973C}.Debug|x86.Build.0 = Debug|Any CPU
		{8148AE11-3A1E-4BAF-933B-8BDD423C973C}.Release|Any CPU.ActiveCfg = Release|Any CPU
		{8148AE11-3A1E-4BAF-933B-8BDD423C973C}.Release|Any CPU.Build.0 = Release|Any CPU
		{8148AE11-3A1E-4BAF-933B-8BDD423C973C}.Release|x64.ActiveCfg = Release|Any CPU
		{8148AE11-3A1E-4BAF-933B-8BDD423C973C}.Release|x64.Build.0 = Release|Any CPU
		{8148AE11-3A1E-4BAF-933B-8BDD423C973C}.Release|x86.ActiveCfg = Release|Any CPU
		{8148AE11-3A1E-4BAF-933B-8BDD423C973C}.Release|x86.Build.0 = Release|Any CPU
		{869B6A19-49FF-4600-A245-A08108D39ABF}.Debug|Any CPU.ActiveCfg = Debug|Any CPU
		{869B6A19-49FF-4600-A245-A08108D39ABF}.Debug|Any CPU.Build.0 = Debug|Any CPU
		{869B6A19-49FF-4600-A245-A08108D39ABF}.Debug|x64.ActiveCfg = Debug|Any CPU
		{869B6A19-49FF-4600-A245-A08108D39ABF}.Debug|x64.Build.0 = Debug|Any CPU
		{869B6A19-49FF-4600-A245-A08108D39ABF}.Debug|x86.ActiveCfg = Debug|Any CPU
		{869B6A19-49FF-4600-A245-A08108D39ABF}.Debug|x86.Build.0 = Debug|Any CPU
		{869B6A19-49FF-4600-A245-A08108D39ABF}.Release|Any CPU.ActiveCfg = Release|Any CPU
		{869B6A19-49FF-4600-A245-A08108D39ABF}.Release|Any CPU.Build.0 = Release|Any CPU
		{869B6A19-49FF-4600-A245-A08108D39ABF}.Release|x64.ActiveCfg = Release|Any CPU
		{869B6A19-49FF-4600-A245-A08108D39ABF}.Release|x64.Build.0 = Release|Any CPU
		{869B6A19-49FF-4600-A245-A08108D39ABF}.Release|x86.ActiveCfg = Release|Any CPU
		{869B6A19-49FF-4600-A245-A08108D39ABF}.Release|x86.Build.0 = Release|Any CPU
	EndGlobalSection
	GlobalSection(SolutionProperties) = preSolution
		HideSolutionNode = FALSE
	EndGlobalSection
	GlobalSection(ExtensibilityGlobals) = postSolution
		SolutionGuid = {683CD74B-43D6-4F52-A727-93050C4CABB8}
	EndGlobalSection
EndGlobal
