
Microsoft Visual Studio Solution File, Format Version 12.00
# Visual Studio Version 17
VisualStudioVersion = 17.0.31903.59
MinimumVisualStudioVersion = 10.0.40219.1
Project("{FAE04EC0-301F-11D3-BF4B-00C04F79EFBC}") = "SignalSharp.Core", "SignalSharp.Core\SignalSharp.Core.csproj", "{3288B83A-8C98-4CA6-B63D-73A7B18D3F30}"
EndProject
Project("{FAE04EC0-301F-11D3-BF4B-00C04F79EFBC}") = "SignalSharp.Security", "SignalSharp.Security\SignalSharp.Security.csproj", "{E16454EF-02BB-47A0-806C-352BBA0A4C48}"
EndProject
Project("{FAE04EC0-301F-11D3-BF4B-00C04F79EFBC}") = "SignalSharp.Storage", "SignalSharp.Storage\SignalSharp.Storage.csproj", "{C05B446B-C915-47E4-A377-3422CD1B4E52}"
EndProject
Project("{FAE04EC0-301F-11D3-BF4B-00C04F79EFBC}") = "SignalSharp.Tests", "SignalSharp.Tests\SignalSharp.Tests.csproj", "{E0BB0663-CC17-4894-8751-92D1A1338D00}"
EndProject
Global
	GlobalSection(SolutionConfigurationPlatforms) = preSolution
		Debug|Any CPU = Debug|Any CPU
		Debug|x64 = Debug|x64
		Debug|x86 = Debug|x86
		Release|Any CPU = Release|Any CPU
		Release|x64 = Release|x64
		Release|x86 = Release|x86
	EndGlobalSection
	GlobalSection(ProjectConfigurationPlatforms) = postSolution
		{3288B83A-8C98-4CA6-B63D-73A7B18D3F30}.Debug|Any CPU.ActiveCfg = Debug|Any CPU
		{3288B83A-8C98-4CA6-B63D-73A7B18D3F30}.Debug|Any CPU.Build.0 = Debug|Any CPU
		{3288B83A-8C98-4CA6-B63D-73A7B18D3F30}.Debug|x64.ActiveCfg = Debug|Any CPU
		{3288B83A-8C98-4CA6-B63D-73A7B18D3F30}.Debug|x64.Build.0 = Debug|Any CPU
		{3288B83A-8C98-4CA6-B63D-73A7B18D3F30}.Debug|x86.ActiveCfg = Debug|Any CPU
		{3288B83A-8C98-4CA6-B63D-73A7B18D3F30}.Debug|x86.Build.0 = Debug|Any CPU
		{3288B83A-8C98-4CA6-B63D-73A7B18D3F30}.Release|Any CPU.ActiveCfg = Release|Any CPU
		{3288B83A-8C98-4CA6-B63D-73A7B18D3F30}.Release|Any CPU.Build.0 = Release|Any CPU
		{3288B83A-8C98-4CA6-B63D-73A7B18D3F30}.Release|x64.ActiveCfg = Release|Any CPU
		{3288B83A-8C98-4CA6-B63D-73A7B18D3F30}.Release|x64.Build.0 = Release|Any CPU
		{3288B83A-8C98-4CA6-B63D-73A7B18D3F30}.Release|x86.ActiveCfg = Release|Any CPU
		{3288B83A-8C98-4CA6-B63D-73A7B18D3F30}.Release|x86.Build.0 = Release|Any CPU
		{E16454EF-02BB-47A0-806C-352BBA0A4C48}.Debug|Any CPU.ActiveCfg = Debug|Any CPU
		{E16454EF-02BB-47A0-806C-352BBA0A4C48}.Debug|Any CPU.Build.0 = Debug|Any CPU
		{E16454EF-02BB-47A0-806C-352BBA0A4C48}.Debug|x64.ActiveCfg = Debug|Any CPU
		{E16454EF-02BB-47A0-806C-352BBA0A4C48}.Debug|x64.Build.0 = Debug|Any CPU
		{E16454EF-02BB-47A0-806C-352BBA0A4C48}.Debug|x86.ActiveCfg = Debug|Any CPU
		{E16454EF-02BB-47A0-806C-352BBA0A4C48}.Debug|x86.Build.0 = Debug|Any CPU
		{E16454EF-02BB-47A0-806C-352BBA0A4C48}.Release|Any CPU.ActiveCfg = Release|Any CPU
		{E16454EF-02BB-47A0-806C-352BBA0A4C48}.Release|Any CPU.Build.0 = Release|Any CPU
		{E16454EF-02BB-47A0-806C-352BBA0A4C48}.Release|x64.ActiveCfg = Release|Any CPU
		{E16454EF-02BB-47A0-806C-352BBA0A4C48}.Release|x64.Build.0 = Release|Any CPU
		{E16454EF-02BB-47A0-806C-352BBA0A4C48}.Release|x86.ActiveCfg = Release|Any CPU
		{E16454EF-02BB-47A0-806C-352BBA0A4C48}.Release|x86.Build.0 = Release|Any CPU
		{C05B446B-C915-47E4-A377-3422CD1B4E52}.Debug|Any CPU.ActiveCfg = Debug|Any CPU
		{C05B446B-C915-47E4-A377-3422CD1B4E52}.Debug|Any CPU.Build.0 = Debug|Any CPU
		{C05B446B-C915-47E4-A377-3422CD1B4E52}.Debug|x64.ActiveCfg = Debug|Any CPU
		{C05B446B-C915-47E4-A377-3422CD1B4E52}.Debug|x64.Build.0 = Debug|Any CPU
		{C05B446B-C915-47E4-A377-3422CD1B4E52}.Debug|x86.ActiveCfg = Debug|Any CPU
		{C05B446B-C915-47E4-A377-3422CD1B4E52}.Debug|x86.Build.0 = Debug|Any CPU
		{C05B446B-C915-47E4-A377-3422CD1B4E52}.Release|Any CPU.ActiveCfg = Release|Any CPU
		{C05B446B-C915-47E4-A377-3422CD1B4E52}.Release|Any CPU.Build.0 = Release|Any CPU
		{C05B446B-C915-47E4-A377-3422CD1B4E52}.Release|x64.ActiveCfg = Release|Any CPU
		{C05B446B-C915-47E4-A377-3422CD1B4E52}.Release|x64.Build.0 = Release|Any CPU
		{C05B446B-C915-47E4-A377-3422CD1B4E52}.Release|x86.ActiveCfg = Release|Any CPU
		{C05B446B-C915-47E4-A377-3422CD1B4E52}.Release|x86.Build.0 = Release|Any CPU
		{E0BB0663-CC17-4894-8751-92D1A1338D00}.Debug|Any CPU.ActiveCfg = Debug|Any CPU
		{E0BB0663-CC17-4894-8751-92D1A1338D00}.Debug|Any CPU.Build.0 = Debug|Any CPU
		{E0BB0663-CC17-4894-8751-92D1A1338D00}.Debug|x64.ActiveCfg = Debug|Any CPU
		{E0BB0663-CC17-4894-8751-92D1A1338D00}.Debug|x64.Build.0 = Debug|Any CPU
		{E0BB0663-CC17-4894-8751-92D1A1338D00}.Debug|x86.ActiveCfg = Debug|Any CPU
		{E0BB0663-CC17-4894-8751-92D1A1338D00}.Debug|x86.Build.0 = Debug|Any CPU
		{E0BB0663-CC17-4894-8751-92D1A1338D00}.Release|Any CPU.ActiveCfg = Release|Any CPU
		{E0BB0663-CC17-4894-8751-92D1A1338D00}.Release|Any CPU.Build.0 = Release|Any CPU
		{E0BB0663-CC17-4894-8751-92D1A1338D00}.Release|x64.ActiveCfg = Release|Any CPU
		{E0BB0663-CC17-4894-8751-92D1A1338D00}.Release|x64.Build.0 = Release|Any CPU
		{E0BB0663-CC17-4894-8751-92D1A1338D00}.Release|x86.ActiveCfg = Release|Any CPU
		{E0BB0663-CC17-4894-8751-92D1A1338D00}.Release|x86.Build.0 = Release|Any CPU
	EndGlobalSection
	GlobalSection(SolutionProperties) = preSolution
		HideSolutionNode = FALSE
	EndGlobalSection
EndGlobal
